{
  "name": "teast",
  "version": "0.0.1",
  "lockfileVersion": 1,
  "requires": true,
  "dependencies": {
    "mobx": {
      "version": "4.9.2",
      "resolved": "https://registry.npmjs.org/mobx/-/mobx-4.9.2.tgz",
      "integrity": "sha512-dMGeM4emHDTaXEA/Va4NhWSiEk8XkdcFQl4uiictXoou0Vbk0Sup4H/HDWGYcXVeRAWGPDYXDDkz1gXK4B1eZw=="
    },
    "typescript": {
      "version": "3.3.3",
      "resolved": "https://registry.npmjs.org/typescript/-/typescript-3.3.3.tgz",
      "integrity": "sha512-Y21Xqe54TBVp+VDSNbuDYdGw0BpoR/Q6wo/+35M8PAU0vipahnyduJWirxxdxjsAkS7hue53x2zp8gz7F05u0A==",
      "dev": true
    }
  }
}
